
Microsoft Visual Studio Solution File, Format Version 12.00
# Visual Studio 15
VisualStudioVersion = 15.0.28307.572
MinimumVisualStudioVersion = 10.0.40219.1
Project("{2150E333-8FDC-42A3-9474-1A3956D46DE8}") = "Exam 16 April 2019", "Exam 16 April 2019", "{18540039-21C4-4E0D-8B52-35B3F3D08E5C}"
EndProject
Project("{9A19103F-16F7-4668-BE54-9A1E7A4F7556}") = "01 Trojan Inavasion", "01 Trojan Inavasion\01 Trojan Inavasion.csproj", "{743835AF-851E-4217-A4ED-24E34ECF0918}"
EndProject
Project("{9A19103F-16F7-4668-BE54-9A1E7A4F7556}") = "01 Trojan 2", "01 Trojan 2\01 Trojan 2.csproj", "{B76DB052-CBA6-4D7E-99DA-DDF203489B03}"
EndProject
Project("{9A19103F-16F7-4668-BE54-9A1E7A4F7556}") = "02 Helen's Abduction", "02 Helen's Abduction\02 Helen's Abduction.csproj", "{9F5C5087-203D-419A-B118-39900DAC3D09}"
EndProject
Project("{2150E333-8FDC-42A3-9474-1A3956D46DE8}") = "Exam 24 February 2019", "Exam 24 February 2019", "{0FC76A84-008B-44DC-9154-B17021D44808}"
EndProject
Project("{9A19103F-16F7-4668-BE54-9A1E7A4F7556}") = "01 Club Party", "01 Club Party\01 Club Party.csproj", "{5BC029C0-21D1-48BE-A5F1-9CB066A6FAC7}"
EndProject
Project("{9A19103F-16F7-4668-BE54-9A1E7A4F7556}") = "02 Tron Racers", "02 Tron Racers\02 Tron Racers.csproj", "{ECAD95B7-F337-4041-A970-BB94E1AD59B3}"
EndProject
Project("{2150E333-8FDC-42A3-9474-1A3956D46DE8}") = "Exam 17 February 2019", "Exam 17 February 2019", "{A3FCC331-BF24-4DA5-8FFA-3D0F4F8D8F62}"
EndProject
Project("{9A19103F-16F7-4668-BE54-9A1E7A4F7556}") = "01 Socks", "01 Socks\01 Socks.csproj", "{1E94C338-D581-4DCC-86D4-35BC524E9B2C}"
EndProject
Project("{9A19103F-16F7-4668-BE54-9A1E7A4F7556}") = "02 Excel Functions", "02 Excel Functions\02 Excel Functions.csproj", "{37DDFCF0-5491-42B5-A62B-FB34C32587ED}"
EndProject
Project("{9A19103F-16F7-4668-BE54-9A1E7A4F7556}") = "Repository", "..\..\..\Advanced\Exercises\Exams\Repository\Repository.csproj", "{EB2A2B8D-78E4-4999-AA8B-4FA6A87B76F9}"
EndProject
Project("{2150E333-8FDC-42A3-9474-1A3956D46DE8}") = "16 Jun 2019", "16 Jun 2019", "{DE015600-6AF6-4F98-AF75-31CCB7BD695C}"
EndProject
Project("{9A19103F-16F7-4668-BE54-9A1E7A4F7556}") = "01 The Garden", "The Garden\01 The Garden.csproj", "{0044CE07-754E-4A09-8DD1-8D0F5CE32B66}"
EndProject
Project("{9A19103F-16F7-4668-BE54-9A1E7A4F7556}") = "02 Make a Salad", "Make a Salad\02 Make a Salad.csproj", "{C4D85687-F060-4549-B602-73819D3363DD}"
EndProject
Project("{9A19103F-16F7-4668-BE54-9A1E7A4F7556}") = "HealthyHeaven", "..\..\..\Advanced\Exercises\Exams\HealthyHeaven\HealthyHeaven.csproj", "{19C9823A-ACDF-47AD-8A7D-562DC68CAB24}"
EndProject
Project("{2150E333-8FDC-42A3-9474-1A3956D46DE8}") = "17 Apr 2019", "17 Apr 2019", "{3E5709E1-C300-4AE1-8593-FD0E22F22A7A}"
EndProject
Project("{9A19103F-16F7-4668-BE54-9A1E7A4F7556}") = "01 Catapult Attack", "01 Catapult Attack\01 Catapult Attack.csproj", "{4FBDBD1B-9AAA-4CD3-B732-92D598C234C5}"
EndProject
Project("{9A19103F-16F7-4668-BE54-9A1E7A4F7556}") = "02 Throne Conquering", "02 Throne Conquering\02 Throne Conquering.csproj", "{BE32653A-213F-4F5F-8FAD-1A3776D3A991}"
EndProject
Project("{2150E333-8FDC-42A3-9474-1A3956D46DE8}") = "Exam 17 Dec 2018", "Exam 17 Dec 2018", "{BE548C00-C5D1-4C7D-A634-D2BB0068B245}"
EndProject
Project("{9A19103F-16F7-4668-BE54-9A1E7A4F7556}") = "01 Sport Cards", "01 Sport Cards\01 Sport Cards.csproj", "{A37DC980-35D3-4836-84D8-8D2D0C98FBC0}"
EndProject
Project("{9A19103F-16F7-4668-BE54-9A1E7A4F7556}") = "03 Heroes", "03 Heroes\03 Heroes.csproj", "{4C0DF9E9-D9DC-4230-BC6B-E31006D65950}"
EndProject
Project("{9A19103F-16F7-4668-BE54-9A1E7A4F7556}") = "03 Fighting Arena", "..\..\..\Advanced\Exercises\Exams\FightingArena\FightingArena\03 Fighting Arena.csproj", "{53856A45-86C7-48F3-8799-C43BFDF26D3A}"
EndProject
Project("{FAE04EC0-301F-11D3-BF4B-00C04F79EFBC}") = "ConsoleApp1", "ConsoleApp1\ConsoleApp1.csproj", "{C251BC20-DC10-4DB2-8A54-075D2B68E5CD}"
EndProject
Project("{FAE04EC0-301F-11D3-BF4B-00C04F79EFBC}") = "04 The Kitchen", "04 The Kitchen\04 The Kitchen.csproj", "{6394BC47-08EC-41AB-BC1D-FFC8A44B61D9}"
EndProject
Project("{2150E333-8FDC-42A3-9474-1A3956D46DE8}") = "Exam 24 April 2018", "Exam 24 April 2018", "{C0588046-C54A-4AA5-8B6C-AEED264CD886}"
EndProject
Project("{FAE04EC0-301F-11D3-BF4B-00C04F79EFBC}") = "02 Parking Feud", "02 Parking Feud\02 Parking Feud.csproj", "{CC770EB8-9FE8-4E32-8493-F33B826A718D}"
EndProject
Global
	GlobalSection(SolutionConfigurationPlatforms) = preSolution
		Debug|Any CPU = Debug|Any CPU
		Release|Any CPU = Release|Any CPU
	EndGlobalSection
	GlobalSection(ProjectConfigurationPlatforms) = postSolution
		{743835AF-851E-4217-A4ED-24E34ECF0918}.Debug|Any CPU.ActiveCfg = Debug|Any CPU
		{743835AF-851E-4217-A4ED-24E34ECF0918}.Debug|Any CPU.Build.0 = Debug|Any CPU
		{743835AF-851E-4217-A4ED-24E34ECF0918}.Release|Any CPU.ActiveCfg = Release|Any CPU
		{743835AF-851E-4217-A4ED-24E34ECF0918}.Release|Any CPU.Build.0 = Release|Any CPU
		{B76DB052-CBA6-4D7E-99DA-DDF203489B03}.Debug|Any CPU.ActiveCfg = Debug|Any CPU
		{B76DB052-CBA6-4D7E-99DA-DDF203489B03}.Debug|Any CPU.Build.0 = Debug|Any CPU
		{B76DB052-CBA6-4D7E-99DA-DDF203489B03}.Release|Any CPU.ActiveCfg = Release|Any CPU
		{B76DB052-CBA6-4D7E-99DA-DDF203489B03}.Release|Any CPU.Build.0 = Release|Any CPU
		{9F5C5087-203D-419A-B118-39900DAC3D09}.Debug|Any CPU.ActiveCfg = Debug|Any CPU
		{9F5C5087-203D-419A-B118-39900DAC3D09}.Debug|Any CPU.Build.0 = Debug|Any CPU
		{9F5C5087-203D-419A-B118-39900DAC3D09}.Release|Any CPU.ActiveCfg = Release|Any CPU
		{9F5C5087-203D-419A-B118-39900DAC3D09}.Release|Any CPU.Build.0 = Release|Any CPU
		{5BC029C0-21D1-48BE-A5F1-9CB066A6FAC7}.Debug|Any CPU.ActiveCfg = Debug|Any CPU
		{5BC029C0-21D1-48BE-A5F1-9CB066A6FAC7}.Debug|Any CPU.Build.0 = Debug|Any CPU
		{5BC029C0-21D1-48BE-A5F1-9CB066A6FAC7}.Release|Any CPU.ActiveCfg = Release|Any CPU
		{5BC029C0-21D1-48BE-A5F1-9CB066A6FAC7}.Release|Any CPU.Build.0 = Release|Any CPU
		{ECAD95B7-F337-4041-A970-BB94E1AD59B3}.Debug|Any CPU.ActiveCfg = Debug|Any CPU
		{ECAD95B7-F337-4041-A970-BB94E1AD59B3}.Debug|Any CPU.Build.0 = Debug|Any CPU
		{ECAD95B7-F337-4041-A970-BB94E1AD59B3}.Release|Any CPU.ActiveCfg = Release|Any CPU
		{ECAD95B7-F337-4041-A970-BB94E1AD59B3}.Release|Any CPU.Build.0 = Release|Any CPU
		{1E94C338-D581-4DCC-86D4-35BC524E9B2C}.Debug|Any CPU.ActiveCfg = Debug|Any CPU
		{1E94C338-D581-4DCC-86D4-35BC524E9B2C}.Debug|Any CPU.Build.0 = Debug|Any CPU
		{1E94C338-D581-4DCC-86D4-35BC524E9B2C}.Release|Any CPU.ActiveCfg = Release|Any CPU
		{1E94C338-D581-4DCC-86D4-35BC524E9B2C}.Release|Any CPU.Build.0 = Release|Any CPU
		{37DDFCF0-5491-42B5-A62B-FB34C32587ED}.Debug|Any CPU.ActiveCfg = Debug|Any CPU
		{37DDFCF0-5491-42B5-A62B-FB34C32587ED}.Debug|Any CPU.Build.0 = Debug|Any CPU
		{37DDFCF0-5491-42B5-A62B-FB34C32587ED}.Release|Any CPU.ActiveCfg = Release|Any CPU
		{37DDFCF0-5491-42B5-A62B-FB34C32587ED}.Release|Any CPU.Build.0 = Release|Any CPU
		{EB2A2B8D-78E4-4999-AA8B-4FA6A87B76F9}.Debug|Any CPU.ActiveCfg = Debug|Any CPU
		{EB2A2B8D-78E4-4999-AA8B-4FA6A87B76F9}.Debug|Any CPU.Build.0 = Debug|Any CPU
		{EB2A2B8D-78E4-4999-AA8B-4FA6A87B76F9}.Release|Any CPU.ActiveCfg = Release|Any CPU
		{EB2A2B8D-78E4-4999-AA8B-4FA6A87B76F9}.Release|Any CPU.Build.0 = Release|Any CPU
		{0044CE07-754E-4A09-8DD1-8D0F5CE32B66}.Debug|Any CPU.ActiveCfg = Debug|Any CPU
		{0044CE07-754E-4A09-8DD1-8D0F5CE32B66}.Debug|Any CPU.Build.0 = Debug|Any CPU
		{0044CE07-754E-4A09-8DD1-8D0F5CE32B66}.Release|Any CPU.ActiveCfg = Release|Any CPU
		{0044CE07-754E-4A09-8DD1-8D0F5CE32B66}.Release|Any CPU.Build.0 = Release|Any CPU
		{C4D85687-F060-4549-B602-73819D3363DD}.Debug|Any CPU.ActiveCfg = Debug|Any CPU
		{C4D85687-F060-4549-B602-73819D3363DD}.Debug|Any CPU.Build.0 = Debug|Any CPU
		{C4D85687-F060-4549-B602-73819D3363DD}.Release|Any CPU.ActiveCfg = Release|Any CPU
		{C4D85687-F060-4549-B602-73819D3363DD}.Release|Any CPU.Build.0 = Release|Any CPU
		{19C9823A-ACDF-47AD-8A7D-562DC68CAB24}.Debug|Any CPU.ActiveCfg = Debug|Any CPU
		{19C9823A-ACDF-47AD-8A7D-562DC68CAB24}.Debug|Any CPU.Build.0 = Debug|Any CPU
		{19C9823A-ACDF-47AD-8A7D-562DC68CAB24}.Release|Any CPU.ActiveCfg = Release|Any CPU
		{19C9823A-ACDF-47AD-8A7D-562DC68CAB24}.Release|Any CPU.Build.0 = Release|Any CPU
		{4FBDBD1B-9AAA-4CD3-B732-92D598C234C5}.Debug|Any CPU.ActiveCfg = Debug|Any CPU
		{4FBDBD1B-9AAA-4CD3-B732-92D598C234C5}.Debug|Any CPU.Build.0 = Debug|Any CPU
		{4FBDBD1B-9AAA-4CD3-B732-92D598C234C5}.Release|Any CPU.ActiveCfg = Release|Any CPU
		{4FBDBD1B-9AAA-4CD3-B732-92D598C234C5}.Release|Any CPU.Build.0 = Release|Any CPU
		{BE32653A-213F-4F5F-8FAD-1A3776D3A991}.Debug|Any CPU.ActiveCfg = Debug|Any CPU
		{BE32653A-213F-4F5F-8FAD-1A3776D3A991}.Debug|Any CPU.Build.0 = Debug|Any CPU
		{BE32653A-213F-4F5F-8FAD-1A3776D3A991}.Release|Any CPU.ActiveCfg = Release|Any CPU
		{BE32653A-213F-4F5F-8FAD-1A3776D3A991}.Release|Any CPU.Build.0 = Release|Any CPU
		{A37DC980-35D3-4836-84D8-8D2D0C98FBC0}.Debug|Any CPU.ActiveCfg = Debug|Any CPU
		{A37DC980-35D3-4836-84D8-8D2D0C98FBC0}.Debug|Any CPU.Build.0 = Debug|Any CPU
		{A37DC980-35D3-4836-84D8-8D2D0C98FBC0}.Release|Any CPU.ActiveCfg = Release|Any CPU
		{A37DC980-35D3-4836-84D8-8D2D0C98FBC0}.Release|Any CPU.Build.0 = Release|Any CPU
		{4C0DF9E9-D9DC-4230-BC6B-E31006D65950}.Debug|Any CPU.ActiveCfg = Debug|Any CPU
		{4C0DF9E9-D9DC-4230-BC6B-E31006D65950}.Debug|Any CPU.Build.0 = Debug|Any CPU
		{4C0DF9E9-D9DC-4230-BC6B-E31006D65950}.Release|Any CPU.ActiveCfg = Release|Any CPU
		{4C0DF9E9-D9DC-4230-BC6B-E31006D65950}.Release|Any CPU.Build.0 = Release|Any CPU
		{53856A45-86C7-48F3-8799-C43BFDF26D3A}.Debug|Any CPU.ActiveCfg = Debug|Any CPU
		{53856A45-86C7-48F3-8799-C43BFDF26D3A}.Debug|Any CPU.Build.0 = Debug|Any CPU
		{53856A45-86C7-48F3-8799-C43BFDF26D3A}.Release|Any CPU.ActiveCfg = Release|Any CPU
		{53856A45-86C7-48F3-8799-C43BFDF26D3A}.Release|Any CPU.Build.0 = Release|Any CPU
		{C251BC20-DC10-4DB2-8A54-075D2B68E5CD}.Debug|Any CPU.ActiveCfg = Debug|Any CPU
		{C251BC20-DC10-4DB2-8A54-075D2B68E5CD}.Debug|Any CPU.Build.0 = Debug|Any CPU
		{C251BC20-DC10-4DB2-8A54-075D2B68E5CD}.Release|Any CPU.ActiveCfg = Release|Any CPU
		{C251BC20-DC10-4DB2-8A54-075D2B68E5CD}.Release|Any CPU.Build.0 = Release|Any CPU
		{6394BC47-08EC-41AB-BC1D-FFC8A44B61D9}.Debug|Any CPU.ActiveCfg = Debug|Any CPU
		{6394BC47-08EC-41AB-BC1D-FFC8A44B61D9}.Debug|Any CPU.Build.0 = Debug|Any CPU
		{6394BC47-08EC-41AB-BC1D-FFC8A44B61D9}.Release|Any CPU.ActiveCfg = Release|Any CPU
		{6394BC47-08EC-41AB-BC1D-FFC8A44B61D9}.Release|Any CPU.Build.0 = Release|Any CPU
		{CC770EB8-9FE8-4E32-8493-F33B826A718D}.Debug|Any CPU.ActiveCfg = Debug|Any CPU
		{CC770EB8-9FE8-4E32-8493-F33B826A718D}.Debug|Any CPU.Build.0 = Debug|Any CPU
		{CC770EB8-9FE8-4E32-8493-F33B826A718D}.Release|Any CPU.ActiveCfg = Release|Any CPU
		{CC770EB8-9FE8-4E32-8493-F33B826A718D}.Release|Any CPU.Build.0 = Release|Any CPU
	EndGlobalSection
	GlobalSection(SolutionProperties) = preSolution
		HideSolutionNode = FALSE
	EndGlobalSection
	GlobalSection(NestedProjects) = preSolution
		{743835AF-851E-4217-A4ED-24E34ECF0918} = {18540039-21C4-4E0D-8B52-35B3F3D08E5C}
		{B76DB052-CBA6-4D7E-99DA-DDF203489B03} = {18540039-21C4-4E0D-8B52-35B3F3D08E5C}
		{9F5C5087-203D-419A-B118-39900DAC3D09} = {18540039-21C4-4E0D-8B52-35B3F3D08E5C}
		{5BC029C0-21D1-48BE-A5F1-9CB066A6FAC7} = {0FC76A84-008B-44DC-9154-B17021D44808}
		{ECAD95B7-F337-4041-A970-BB94E1AD59B3} = {0FC76A84-008B-44DC-9154-B17021D44808}
		{1E94C338-D581-4DCC-86D4-35BC524E9B2C} = {A3FCC331-BF24-4DA5-8FFA-3D0F4F8D8F62}
		{37DDFCF0-5491-42B5-A62B-FB34C32587ED} = {A3FCC331-BF24-4DA5-8FFA-3D0F4F8D8F62}
		{EB2A2B8D-78E4-4999-AA8B-4FA6A87B76F9} = {A3FCC331-BF24-4DA5-8FFA-3D0F4F8D8F62}
		{0044CE07-754E-4A09-8DD1-8D0F5CE32B66} = {DE015600-6AF6-4F98-AF75-31CCB7BD695C}
		{C4D85687-F060-4549-B602-73819D3363DD} = {DE015600-6AF6-4F98-AF75-31CCB7BD695C}
		{19C9823A-ACDF-47AD-8A7D-562DC68CAB24} = {DE015600-6AF6-4F98-AF75-31CCB7BD695C}
		{4FBDBD1B-9AAA-4CD3-B732-92D598C234C5} = {3E5709E1-C300-4AE1-8593-FD0E22F22A7A}
		{BE32653A-213F-4F5F-8FAD-1A3776D3A991} = {3E5709E1-C300-4AE1-8593-FD0E22F22A7A}
		{A37DC980-35D3-4836-84D8-8D2D0C98FBC0} = {BE548C00-C5D1-4C7D-A634-D2BB0068B245}
		{4C0DF9E9-D9DC-4230-BC6B-E31006D65950} = {0FC76A84-008B-44DC-9154-B17021D44808}
		{53856A45-86C7-48F3-8799-C43BFDF26D3A} = {18540039-21C4-4E0D-8B52-35B3F3D08E5C}
		{6394BC47-08EC-41AB-BC1D-FFC8A44B61D9} = {BE548C00-C5D1-4C7D-A634-D2BB0068B245}
		{CC770EB8-9FE8-4E32-8493-F33B826A718D} = {C0588046-C54A-4AA5-8B6C-AEED264CD886}
	EndGlobalSection
	GlobalSection(ExtensibilityGlobals) = postSolution
		SolutionGuid = {289EF703-4F59-484C-88F5-CB279026CF4B}
	EndGlobalSection
EndGlobal
