
Microsoft Visual Studio Solution File, Format Version 12.00
# Visual Studio 15
VisualStudioVersion = 15.0.28307.572
MinimumVisualStudioVersion = 10.0.40219.1
Project("{9A19103F-16F7-4668-BE54-9A1E7A4F7556}") = "L01 Odd Lines", "L01 Odd Lines\L01 Odd Lines.csproj", "{80273098-03CE-444F-B125-C83EA5C6813D}"
EndProject
Project("{9A19103F-16F7-4668-BE54-9A1E7A4F7556}") = "L02 Line Numbers", "L02 Line Numbers\L02 Line Numbers.csproj", "{A6025FBC-E346-471E-A936-C0B0E8F9542E}"
EndProject
Project("{9A19103F-16F7-4668-BE54-9A1E7A4F7556}") = "L03 Word Count", "L03 Word Count\L03 Word Count.csproj", "{18D9B312-8352-49B6-BFDB-9686F51D6D95}"
EndProject
Project("{9A19103F-16F7-4668-BE54-9A1E7A4F7556}") = "L04 Merge Files", "L04 Merge Files\L04 Merge Files.csproj", "{9043491F-0492-4805-ABDF-7B4BA9DE2FB9}"
EndProject
Project("{9A19103F-16F7-4668-BE54-9A1E7A4F7556}") = "L05 Slice File", "L05 Slice File\L05 Slice File.csproj", "{3DD89856-A921-4480-8131-626B5F3F7212}"
EndProject
Project("{9A19103F-16F7-4668-BE54-9A1E7A4F7556}") = "L06 Folder Size", "L06 Folder Size\L06 Folder Size.csproj", "{4E8EF898-8B79-4FED-A08D-B02797989EDC}"
EndProject
Project("{9A19103F-16F7-4668-BE54-9A1E7A4F7556}") = "E01 Even Lines", "E01 Even lines\E01 Even Lines.csproj", "{419C36C8-E3BA-434F-9E1F-3F18219DE7D6}"
EndProject
Project("{9A19103F-16F7-4668-BE54-9A1E7A4F7556}") = "E02 Line Numbers", "E02 Line Numbers\E02 Line Numbers.csproj", "{2E44D33F-BE48-43BA-8418-A17E10B59A62}"
EndProject
Project("{FAE04EC0-301F-11D3-BF4B-00C04F79EFBC}") = "E03 Word Count", "E03 Word Count\E03 Word Count.csproj", "{B74EEA2D-B2DA-4099-A45D-B2950DCD0240}"
EndProject
Project("{FAE04EC0-301F-11D3-BF4B-00C04F79EFBC}") = "E04 Copy Binary File", "E04 Copy Binary File\E04 Copy Binary File.csproj", "{4B4C30C9-B2CE-49D1-8DBA-2E33102C459E}"
EndProject
Project("{FAE04EC0-301F-11D3-BF4B-00C04F79EFBC}") = "E05 Directory Traversal", "E05 Directory Traversal\E05 Directory Traversal.csproj", "{B11B0DC3-3CEE-4722-BB7B-8C04BC0BBE89}"
EndProject
Project("{FAE04EC0-301F-11D3-BF4B-00C04F79EFBC}") = "E06 Full Directory Traversal", "E06 Full Directory Traversal\E06 Full Directory Traversal.csproj", "{F1BFCAFA-2ADA-4E39-9954-E544E1F583E4}"
EndProject
Global
	GlobalSection(SolutionConfigurationPlatforms) = preSolution
		Debug|Any CPU = Debug|Any CPU
		Release|Any CPU = Release|Any CPU
	EndGlobalSection
	GlobalSection(ProjectConfigurationPlatforms) = postSolution
		{80273098-03CE-444F-B125-C83EA5C6813D}.Debug|Any CPU.ActiveCfg = Debug|Any CPU
		{80273098-03CE-444F-B125-C83EA5C6813D}.Debug|Any CPU.Build.0 = Debug|Any CPU
		{80273098-03CE-444F-B125-C83EA5C6813D}.Release|Any CPU.ActiveCfg = Release|Any CPU
		{80273098-03CE-444F-B125-C83EA5C6813D}.Release|Any CPU.Build.0 = Release|Any CPU
		{A6025FBC-E346-471E-A936-C0B0E8F9542E}.Debug|Any CPU.ActiveCfg = Debug|Any CPU
		{A6025FBC-E346-471E-A936-C0B0E8F9542E}.Debug|Any CPU.Build.0 = Debug|Any CPU
		{A6025FBC-E346-471E-A936-C0B0E8F9542E}.Release|Any CPU.ActiveCfg = Release|Any CPU
		{A6025FBC-E346-471E-A936-C0B0E8F9542E}.Release|Any CPU.Build.0 = Release|Any CPU
		{18D9B312-8352-49B6-BFDB-9686F51D6D95}.Debug|Any CPU.ActiveCfg = Debug|Any CPU
		{18D9B312-8352-49B6-BFDB-9686F51D6D95}.Debug|Any CPU.Build.0 = Debug|Any CPU
		{18D9B312-8352-49B6-BFDB-9686F51D6D95}.Release|Any CPU.ActiveCfg = Release|Any CPU
		{18D9B312-8352-49B6-BFDB-9686F51D6D95}.Release|Any CPU.Build.0 = Release|Any CPU
		{9043491F-0492-4805-ABDF-7B4BA9DE2FB9}.Debug|Any CPU.ActiveCfg = Debug|Any CPU
		{9043491F-0492-4805-ABDF-7B4BA9DE2FB9}.Debug|Any CPU.Build.0 = Debug|Any CPU
		{9043491F-0492-4805-ABDF-7B4BA9DE2FB9}.Release|Any CPU.ActiveCfg = Release|Any CPU
		{9043491F-0492-4805-ABDF-7B4BA9DE2FB9}.Release|Any CPU.Build.0 = Release|Any CPU
		{3DD89856-A921-4480-8131-626B5F3F7212}.Debug|Any CPU.ActiveCfg = Debug|Any CPU
		{3DD89856-A921-4480-8131-626B5F3F7212}.Debug|Any CPU.Build.0 = Debug|Any CPU
		{3DD89856-A921-4480-8131-626B5F3F7212}.Release|Any CPU.ActiveCfg = Release|Any CPU
		{3DD89856-A921-4480-8131-626B5F3F7212}.Release|Any CPU.Build.0 = Release|Any CPU
		{4E8EF898-8B79-4FED-A08D-B02797989EDC}.Debug|Any CPU.ActiveCfg = Debug|Any CPU
		{4E8EF898-8B79-4FED-A08D-B02797989EDC}.Debug|Any CPU.Build.0 = Debug|Any CPU
		{4E8EF898-8B79-4FED-A08D-B02797989EDC}.Release|Any CPU.ActiveCfg = Release|Any CPU
		{4E8EF898-8B79-4FED-A08D-B02797989EDC}.Release|Any CPU.Build.0 = Release|Any CPU
		{419C36C8-E3BA-434F-9E1F-3F18219DE7D6}.Debug|Any CPU.ActiveCfg = Debug|Any CPU
		{419C36C8-E3BA-434F-9E1F-3F18219DE7D6}.Debug|Any CPU.Build.0 = Debug|Any CPU
		{419C36C8-E3BA-434F-9E1F-3F18219DE7D6}.Release|Any CPU.ActiveCfg = Release|Any CPU
		{419C36C8-E3BA-434F-9E1F-3F18219DE7D6}.Release|Any CPU.Build.0 = Release|Any CPU
		{2E44D33F-BE48-43BA-8418-A17E10B59A62}.Debug|Any CPU.ActiveCfg = Debug|Any CPU
		{2E44D33F-BE48-43BA-8418-A17E10B59A62}.Debug|Any CPU.Build.0 = Debug|Any CPU
		{2E44D33F-BE48-43BA-8418-A17E10B59A62}.Release|Any CPU.ActiveCfg = Release|Any CPU
		{2E44D33F-BE48-43BA-8418-A17E10B59A62}.Release|Any CPU.Build.0 = Release|Any CPU
		{B74EEA2D-B2DA-4099-A45D-B2950DCD0240}.Debug|Any CPU.ActiveCfg = Debug|Any CPU
		{B74EEA2D-B2DA-4099-A45D-B2950DCD0240}.Debug|Any CPU.Build.0 = Debug|Any CPU
		{B74EEA2D-B2DA-4099-A45D-B2950DCD0240}.Release|Any CPU.ActiveCfg = Release|Any CPU
		{B74EEA2D-B2DA-4099-A45D-B2950DCD0240}.Release|Any CPU.Build.0 = Release|Any CPU
		{4B4C30C9-B2CE-49D1-8DBA-2E33102C459E}.Debug|Any CPU.ActiveCfg = Debug|Any CPU
		{4B4C30C9-B2CE-49D1-8DBA-2E33102C459E}.Debug|Any CPU.Build.0 = Debug|Any CPU
		{4B4C30C9-B2CE-49D1-8DBA-2E33102C459E}.Release|Any CPU.ActiveCfg = Release|Any CPU
		{4B4C30C9-B2CE-49D1-8DBA-2E33102C459E}.Release|Any CPU.Build.0 = Release|Any CPU
		{B11B0DC3-3CEE-4722-BB7B-8C04BC0BBE89}.Debug|Any CPU.ActiveCfg = Debug|Any CPU
		{B11B0DC3-3CEE-4722-BB7B-8C04BC0BBE89}.Debug|Any CPU.Build.0 = Debug|Any CPU
		{B11B0DC3-3CEE-4722-BB7B-8C04BC0BBE89}.Release|Any CPU.ActiveCfg = Release|Any CPU
		{B11B0DC3-3CEE-4722-BB7B-8C04BC0BBE89}.Release|Any CPU.Build.0 = Release|Any CPU
		{F1BFCAFA-2ADA-4E39-9954-E544E1F583E4}.Debug|Any CPU.ActiveCfg = Debug|Any CPU
		{F1BFCAFA-2ADA-4E39-9954-E544E1F583E4}.Debug|Any CPU.Build.0 = Debug|Any CPU
		{F1BFCAFA-2ADA-4E39-9954-E544E1F583E4}.Release|Any CPU.ActiveCfg = Release|Any CPU
		{F1BFCAFA-2ADA-4E39-9954-E544E1F583E4}.Release|Any CPU.Build.0 = Release|Any CPU
	EndGlobalSection
	GlobalSection(SolutionProperties) = preSolution
		HideSolutionNode = FALSE
	EndGlobalSection
	GlobalSection(ExtensibilityGlobals) = postSolution
		SolutionGuid = {65131C07-557F-4BE3-9DA3-BFB6E008A234}
	EndGlobalSection
EndGlobal
