
Microsoft Visual Studio Solution File, Format Version 12.00
# Visual Studio 15
VisualStudioVersion = 15.0.28307.572
MinimumVisualStudioVersion = 10.0.40219.1
Project("{FAE04EC0-301F-11D3-BF4B-00C04F79EFBC}") = "E01 Box of T", "E01 Box of T\E01 Box of T.csproj", "{2EBDA19C-6E87-42C7-8BF2-E6B7EF7718DB}"
EndProject
Project("{FAE04EC0-301F-11D3-BF4B-00C04F79EFBC}") = "E02 Generic Array Creator", "E02 Generic Array Creator\E02 Generic Array Creator.csproj", "{E9314C5D-25E0-4AE4-824F-D69D957AE73C}"
EndProject
Global
	GlobalSection(SolutionConfigurationPlatforms) = preSolution
		Debug|Any CPU = Debug|Any CPU
		Release|Any CPU = Release|Any CPU
	EndGlobalSection
	GlobalSection(ProjectConfigurationPlatforms) = postSolution
		{2EBDA19C-6E87-42C7-8BF2-E6B7EF7718DB}.Debug|Any CPU.ActiveCfg = Debug|Any CPU
		{2EBDA19C-6E87-42C7-8BF2-E6B7EF7718DB}.Debug|Any CPU.Build.0 = Debug|Any CPU
		{2EBDA19C-6E87-42C7-8BF2-E6B7EF7718DB}.Release|Any CPU.ActiveCfg = Release|Any CPU
		{2EBDA19C-6E87-42C7-8BF2-E6B7EF7718DB}.Release|Any CPU.Build.0 = Release|Any CPU
		{E9314C5D-25E0-4AE4-824F-D69D957AE73C}.Debug|Any CPU.ActiveCfg = Debug|Any CPU
		{E9314C5D-25E0-4AE4-824F-D69D957AE73C}.Debug|Any CPU.Build.0 = Debug|Any CPU
		{E9314C5D-25E0-4AE4-824F-D69D957AE73C}.Release|Any CPU.ActiveCfg = Release|Any CPU
		{E9314C5D-25E0-4AE4-824F-D69D957AE73C}.Release|Any CPU.Build.0 = Release|Any CPU
	EndGlobalSection
	GlobalSection(SolutionProperties) = preSolution
		HideSolutionNode = FALSE
	EndGlobalSection
	GlobalSection(ExtensibilityGlobals) = postSolution
		SolutionGuid = {85CA9149-35EF-4934-8AB3-DBA4E22BF7D9}
	EndGlobalSection
EndGlobal
