
Microsoft Visual Studio Solution File, Format Version 12.00
# Visual Studio 15
VisualStudioVersion = 15.0.28307.572
MinimumVisualStudioVersion = 10.0.40219.1
Project("{FAE04EC0-301F-11D3-BF4B-00C04F79EFBC}") = "Workshop Create List", "Workshop Create List\Workshop Create List.csproj", "{357D7DD7-046C-4394-8FFB-4601F524C146}"
EndProject
Global
	GlobalSection(SolutionConfigurationPlatforms) = preSolution
		Debug|Any CPU = Debug|Any CPU
		Release|Any CPU = Release|Any CPU
	EndGlobalSection
	GlobalSection(ProjectConfigurationPlatforms) = postSolution
		{357D7DD7-046C-4394-8FFB-4601F524C146}.Debug|Any CPU.ActiveCfg = Debug|Any CPU
		{357D7DD7-046C-4394-8FFB-4601F524C146}.Debug|Any CPU.Build.0 = Debug|Any CPU
		{357D7DD7-046C-4394-8FFB-4601F524C146}.Release|Any CPU.ActiveCfg = Release|Any CPU
		{357D7DD7-046C-4394-8FFB-4601F524C146}.Release|Any CPU.Build.0 = Release|Any CPU
	EndGlobalSection
	GlobalSection(SolutionProperties) = preSolution
		HideSolutionNode = FALSE
	EndGlobalSection
	GlobalSection(ExtensibilityGlobals) = postSolution
		SolutionGuid = {64BB7C68-F365-4B18-B4B0-71BF8A690C4E}
	EndGlobalSection
EndGlobal
